// !$*UTF8*$!
{
	archiveVersion = 1;
	classes = {
	};
	objectVersion = 77;
	objects = {

/* Begin PBXBuildFile section */
		8A4BF1A92F512AFA0084FE72 /* ContentView.swift in Sources */ = {isa = PBXBuildFile; fileRef = 8A4BF1A82F512AFA0084FE72 /* ContentView.swift */; };
		8A4BF1B62F5133D80084FE72 /* Debug.swift in Sources */ = {isa = PBXBuildFile; fileRef = 8A4BF1B52F5133D80084FE72 /* Debug.swift */; };
		8A4BF1B92F5136E00084FE72 /* BookingsView.swift in Sources */ = {isa = PBXBuildFile; fileRef = 8A4BF1B82F5136E00084FE72 /* BookingsView.swift */; };
		8A4BF1BB2F5138920084FE72 /* Theme.swift in Sources */ = {isa = PBXBuildFile; fileRef = 8A4BF1BA2F5138920084FE72 /* Theme.swift */; };
		8A6CC81F2F54DC6E003965C0 /* SettingsView.swift in Sources */ = {isa = PBXBuildFile; fileRef = 8A6CC81E2F54DC6E003965C0 /* SettingsView.swift */; };
		8A6CC8212F54E67C003965C0 /* NarrativeView.swift in Sources */ = {isa = PBXBuildFile; fileRef = 8A6CC8202F54E67C003965C0 /* NarrativeView.swift */; };
		8A6CC8252F54E8F6003965C0 /* NarrativeCalculations.swift in Sources */ = {isa = PBXBuildFile; fileRef = 8A6CC8242F54E8F6003965C0 /* NarrativeCalculations.swift */; };
		8A6CC8272F54F161003965C0 /* ExpensesView.swift in Sources */ = {isa = PBXBuildFile; fileRef = 8A6CC8262F54F161003965C0 /* ExpensesView.swift */; };
/* End PBXBuildFile section */

/* Begin PBXFileReference section */
		8A4BF19E2F512AFA0084FE72 /* ArmadilloAssistant.app */ = {isa = PBXFileReference; explicitFileType = wrapper.application; includeInIndex = 0; path = ArmadilloAssistant.app; sourceTree = BUILT_PRODUCTS_DIR; };
		8A4BF1A82F512AFA0084FE72 /* ContentView.swift */ = {isa = PBXFileReference; lastKnownFileType = sourcecode.swift; name = ContentView.swift; path = ../ContentView.swift; sourceTree = "<group>"; };
		8A4BF1B52F5133D80084FE72 /* Debug.swift */ = {isa = PBXFileReference; lastKnownFileType = sourcecode.swift; path = Debug.swift; sourceTree = "<group>"; };
		8A4BF1B82F5136E00084FE72 /* BookingsView.swift */ = {isa = PBXFileReference; lastKnownFileType = sourcecode.swift; path = BookingsView.swift; sourceTree = "<group>"; };
		8A4BF1BA2F5138920084FE72 /* Theme.swift */ = {isa = PBXFileReference; lastKnownFileType = sourcecode.swift; path = Theme.swift; sourceTree = "<group>"; };
		8A6CC81E2F54DC6E003965C0 /* SettingsView.swift */ = {isa = PBXFileReference; lastKnownFileType = sourcecode.swift; path = SettingsView.swift; sourceTree = "<group>"; };
		8A6CC8202F54E67C003965C0 /* NarrativeView.swift */ = {isa = PBXFileReference; lastKnownFileType = sourcecode.swift; path = NarrativeView.swift; sourceTree = "<group>"; };
		8A6CC8242F54E8F6003965C0 /* NarrativeCalculations.swift */ = {isa = PBXFileReference; lastKnownFileType = sourcecode.swift; path = NarrativeCalculations.swift; sourceTree = "<group>"; };
		8A6CC8262F54F161003965C0 /* ExpensesView.swift */ = {isa = PBXFileReference; lastKnownFileType = sourcecode.swift; path = ExpensesView.swift; sourceTree = "<group>"; };
/* End PBXFileReference section */

/* Begin PBXFileSystemSynchronizedBuildFileExceptionSet section */
		8A5AE8412F524ECE00CD516D /* Exceptions for "ArmadilloAssistant" folder in "ArmadilloAssistant" target */ = {
			isa = PBXFileSystemSynchronizedBuildFileExceptionSet;
			membershipExceptions = (
				Info.plist,
			);
			target = 8A4BF19D2F512AFA0084FE72 /* ArmadilloAssistant */;
		};
/* End PBXFileSystemSynchronizedBuildFileExceptionSet section */

/* Begin PBXFileSystemSynchronizedRootGroup section */
		8A4BF1A02F512AFA0084FE72 /* ArmadilloAssistant */ = {
			isa = PBXFileSystemSynchronizedRootGroup;
			exceptions = (
				8A5AE8412F524ECE00CD516D /* Exceptions for "ArmadilloAssistant" folder in "ArmadilloAssistant" target */,
			);
			path = ArmadilloAssistant;
			sourceTree = "<group>";
		};
/* End PBXFileSystemSynchronizedRootGroup section */

/* Begin PBXFrameworksBuildPhase section */
		8A4BF19B2F512AFA0084FE72 /* Frameworks */ = {
			isa = PBXFrameworksBuildPhase;
			buildActionMask = 2147483647;
			files = (
			);
			runOnlyForDeploymentPostprocessing = 0;
		};
/* End PBXFrameworksBuildPhase section */

/* Begin PBXGroup section */
		8A4BF1952F512AFA0084FE72 = {
			isa = PBXGroup;
			children = (
				8A4BF1B72F5135900084FE72 /* UI */,
				8A6CC8232F54E8D0003965C0 /* Models */,
				8A4BF1B42F5133C70084FE72 /* Utilities */,
				8A4BF1A02F512AFA0084FE72 /* ArmadilloAssistant */,
				8A4BF19F2F512AFA0084FE72 /* Products */,
			);
			sourceTree = "<group>";
		};
		8A4BF19F2F512AFA0084FE72 /* Products */ = {
			isa = PBXGroup;
			children = (
				8A4BF19E2F512AFA0084FE72 /* ArmadilloAssistant.app */,
			);
			name = Products;
			sourceTree = "<group>";
		};
		8A4BF1B42F5133C70084FE72 /* Utilities */ = {
			isa = PBXGroup;
			children = (
				8A4BF1B52F5133D80084FE72 /* Debug.swift */,
			);
			path = Utilities;
			sourceTree = "<group>";
		};
		8A4BF1B72F5135900084FE72 /* UI */ = {
			isa = PBXGroup;
			children = (
				8A4BF1B82F5136E00084FE72 /* BookingsView.swift */,
				8A4BF1BA2F5138920084FE72 /* Theme.swift */,
				8A4BF1A82F512AFA0084FE72 /* ContentView.swift */,
				8A6CC81E2F54DC6E003965C0 /* SettingsView.swift */,
				8A6CC8202F54E67C003965C0 /* NarrativeView.swift */,
				8A6CC8262F54F161003965C0 /* ExpensesView.swift */,
			);
			path = UI;
			sourceTree = "<group>";
		};
		8A6CC8232F54E8D0003965C0 /* Models */ = {
			isa = PBXGroup;
			children = (
				8A6CC8242F54E8F6003965C0 /* NarrativeCalculations.swift */,
			);
			path = Models;
			sourceTree = "<group>";
		};
/* End PBXGroup section */

/* Begin PBXNativeTarget section */
		8A4BF19D2F512AFA0084FE72 /* ArmadilloAssistant */ = {
			isa = PBXNativeTarget;
			buildConfigurationList = 8A4BF1AF2F512AFA0084FE72 /* Build configuration list for PBXNativeTarget "ArmadilloAssistant" */;
			buildPhases = (
				8A4BF19A2F512AFA0084FE72 /* Sources */,
				8A4BF19B2F512AFA0084FE72 /* Frameworks */,
				8A4BF19C2F512AFA0084FE72 /* Resources */,
			);
			buildRules = (
			);
			dependencies = (
			);
			fileSystemSynchronizedGroups = (
				8A4BF1A02F512AFA0084FE72 /* ArmadilloAssistant */,
			);
			name = ArmadilloAssistant;
			packageProductDependencies = (
			);
			productName = ArmadilloAssistant;
			productReference = 8A4BF19E2F512AFA0084FE72 /* ArmadilloAssistant.app */;
			productType = "com.apple.product-type.application";
		};
/* End PBXNativeTarget section */

/* Begin PBXProject section */
		8A4BF1962F512AFA0084FE72 /* Project object */ = {
			isa = PBXProject;
			attributes = {
				BuildIndependentTargetsInParallel = 1;
				LastSwiftUpdateCheck = 2620;
				LastUpgradeCheck = 2630;
				TargetAttributes = {
					8A4BF19D2F512AFA0084FE72 = {
						CreatedOnToolsVersion = 26.2;
					};
				};
			};
			buildConfigurationList = 8A4BF1992F512AFA0084FE72 /* Build configuration list for PBXProject "ArmadilloAssistant" */;
			developmentRegion = en;
			hasScannedForEncodings = 0;
			knownRegions = (
				en,
				Base,
			);
			mainGroup = 8A4BF1952F512AFA0084FE72;
			minimizedProjectReferenceProxies = 1;
			preferredProjectObjectVersion = 77;
			productRefGroup = 8A4BF19F2F512AFA0084FE72 /* Products */;
			projectDirPath = "";
			projectRoot = "";
			targets = (
				8A4BF19D2F512AFA0084FE72 /* ArmadilloAssistant */,
			);
		};
/* End PBXProject section */

/* Begin PBXResourcesBuildPhase section */
		8A4BF19C2F512AFA0084FE72 /* Resources */ = {
			isa = PBXResourcesBuildPhase;
			buildActionMask = 2147483647;
			files = (
			);
			runOnlyForDeploymentPostprocessing = 0;
		};
/* End PBXResourcesBuildPhase section */

/* Begin PBXSourcesBuildPhase section */
		8A4BF19A2F512AFA0084FE72 /* Sources */ = {
			isa = PBXSourcesBuildPhase;
			buildActionMask = 2147483647;
			files = (
				8A4BF1B92F5136E00084FE72 /* BookingsView.swift in Sources */,
				8A4BF1B62F5133D80084FE72 /* Debug.swift in Sources */,
				8A4BF1A92F512AFA0084FE72 /* ContentView.swift in Sources */,
				8A6CC8212F54E67C003965C0 /* NarrativeView.swift in Sources */,
				8A6CC81F2F54DC6E003965C0 /* SettingsView.swift in Sources */,
				8A4BF1BB2F5138920084FE72 /* Theme.swift in Sources */,
				8A6CC8252F54E8F6003965C0 /* NarrativeCalculations.swift in Sources */,
				8A6CC8272F54F161003965C0 /* ExpensesView.swift in Sources */,
			);
			runOnlyForDeploymentPostprocessing = 0;
		};
/* End PBXSourcesBuildPhase section */

/* Begin XCBuildConfiguration section */
		8A4BF1B02F512AFA0084FE72 /* Debug */ = {
			isa = XCBuildConfiguration;
			buildSettings = {
				ASSETCATALOG_COMPILER_APPICON_NAME = AppIcon;
				ASSETCATALOG_COMPILER_GLOBAL_ACCENT_COLOR_NAME = AccentColor;
				CODE_SIGN_ENTITLEMENTS = ArmadilloAssistant/ArmadilloAssistant.entitlements;
				CODE_SIGN_STYLE = Automatic;
				CURRENT_PROJECT_VERSION = 1;
				DEAD_CODE_STRIPPING = YES;
				DEVELOPMENT_TEAM = YVYV2ACPL4;
				ENABLE_APP_SANDBOX = YES;
				ENABLE_HARDENED_RUNTIME = YES;
				ENABLE_PREVIEWS = YES;
				ENABLE_USER_SELECTED_FILES = readonly;
				GENERATE_INFOPLIST_FILE = YES;
				INFOPLIST_FILE = "";
				INFOPLIST_KEY_CFBundleDisplayName = "Armadillo Assistant";
				"INFOPLIST_KEY_UIApplicationSceneManifest_Generation[sdk=iphoneos*]" = YES;
				"INFOPLIST_KEY_UIApplicationSceneManifest_Generation[sdk=iphonesimulator*]" = YES;
				"INFOPLIST_KEY_UIApplicationSupportsIndirectInputEvents[sdk=iphoneos*]" = YES;
				"INFOPLIST_KEY_UIApplicationSupportsIndirectInputEvents[sdk=iphonesimulator*]" = YES;
				"INFOPLIST_KEY_UILaunchScreen_Generation[sdk=iphoneos*]" = YES;
				"INFOPLIST_KEY_UILaunchScreen_Generation[sdk=iphonesimulator*]" = YES;
				"INFOPLIST_KEY_UIStatusBarStyle[sdk=iphoneos*]" = UIStatusBarStyleDefault;
				"INFOPLIST_KEY_UIStatusBarStyle[sdk=iphonesimulator*]" = UIStatusBarStyleDefault;
				INFOPLIST_KEY_UISupportedInterfaceOrientations_iPad = "UIInterfaceOrientationPortrait UIInterfaceOrientationPortraitUpsideDown UIInterfaceOrientationLandscapeLeft UIInterfaceOrientationLandscapeRight";
				INFOPLIST_KEY_UISupportedInterfaceOrientations_iPhone = "UIInterfaceOrientationPortrait UIInterfaceOrientationLandscapeLeft UIInterfaceOrientationLandscapeRight";
				IPHONEOS_DEPLOYMENT_TARGET = 26.2;
				LD_RUNPATH_SEARCH_PATHS = "@executable_path/Frameworks";
				"LD_RUNPATH_SEARCH_PATHS[sdk=macosx*]" = "@executable_path/../Frameworks";
				MACOSX_DEPLOYMENT_TARGET = 26.2;
				MARKETING_VERSION = 1.0;
				PRODUCT_BUNDLE_IDENTIFIER = DavidMWilcox.ArmadilloAssistant;
				PRODUCT_NAME = "$(TARGET_NAME)";
				REGISTER_APP_GROUPS = YES;
				SDKROOT = auto;
				STRING_CATALOG_GENERATE_SYMBOLS = YES;
				SUPPORTED_PLATFORMS = "iphoneos iphonesimulator";
				SUPPORTS_MACCATALYST = NO;
				SWIFT_APPROACHABLE_CONCURRENCY = YES;
				SWIFT_DEFAULT_ACTOR_ISOLATION = MainActor;
				SWIFT_EMIT_LOC_STRINGS = YES;
				SWIFT_UPCOMING_FEATURE_MEMBER_IMPORT_VISIBILITY = YES;
				SWIFT_VERSION = 5.0;
				TARGETED_DEVICE_FAMILY = "1,2";
				XROS_DEPLOYMENT_TARGET = 26.2;
			};
			name = Debug;
		};
		8A4BF1B12F512AFA0084FE72 /* Release */ = {
			isa = XCBuildConfiguration;
			buildSettings = {
				ASSETCATALOG_COMPILER_APPICON_NAME = AppIcon;
				ASSETCATALOG_COMPILER_GLOBAL_ACCENT_COLOR_NAME = AccentColor;
				CODE_SIGN_ENTITLEMENTS = ArmadilloAssistant/ArmadilloAssistant.entitlements;
				CODE_SIGN_STYLE = Automatic;
				CURRENT_PROJECT_VERSION = 1;
				DEAD_CODE_STRIPPING = YES;
				DEVELOPMENT_TEAM = YVYV2ACPL4;
				ENABLE_APP_SANDBOX = YES;
				ENABLE_HARDENED_RUNTIME = YES;
				ENABLE_PREVIEWS = YES;
				ENABLE_USER_SELECTED_FILES = readonly;
				GENERATE_INFOPLIST_FILE = YES;
				INFOPLIST_FILE = "";
				INFOPLIST_KEY_CFBundleDisplayName = "Armadillo Assistant";
				"INFOPLIST_KEY_UIApplicationSceneManifest_Generation[sdk=iphoneos*]" = YES;
				"INFOPLIST_KEY_UIApplicationSceneManifest_Generation[sdk=iphonesimulator*]" = YES;
				"INFOPLIST_KEY_UIApplicationSupportsIndirectInputEvents[sdk=iphoneos*]" = YES;
				"INFOPLIST_KEY_UIApplicationSupportsIndirectInputEvents[sdk=iphonesimulator*]" = YES;
				"INFOPLIST_KEY_UILaunchScreen_Generation[sdk=iphoneos*]" = YES;
				"INFOPLIST_KEY_UILaunchScreen_Generation[sdk=iphonesimulator*]" = YES;
				"INFOPLIST_KEY_UIStatusBarStyle[sdk=iphoneos*]" = UIStatusBarStyleDefault;
				"INFOPLIST_KEY_UIStatusBarStyle[sdk=iphonesimulator*]" = UIStatusBarStyleDefault;
				INFOPLIST_KEY_UISupportedInterfaceOrientations_iPad = "UIInterfaceOrientationPortrait UIInterfaceOrientationPortraitUpsideDown UIInterfaceOrientationLandscapeLeft UIInterfaceOrientationLandscapeRight";
				INFOPLIST_KEY_UISupportedInterfaceOrientations_iPhone = "UIInterfaceOrientationPortrait UIInterfaceOrientationLandscapeLeft UIInterfaceOrientationLandscapeRight";
				IPHONEOS_DEPLOYMENT_TARGET = 26.2;
				LD_RUNPATH_SEARCH_PATHS = "@executable_path/Frameworks";
				"LD_RUNPATH_SEARCH_PATHS[sdk=macosx*]" = "@executable_path/../Frameworks";
				MACOSX_DEPLOYMENT_TARGET = 26.2;
				MARKETING_VERSION = 1.0;
				PRODUCT_BUNDLE_IDENTIFIER = DavidMWilcox.ArmadilloAssistant;
				PRODUCT_NAME = "$(TARGET_NAME)";
				REGISTER_APP_GROUPS = YES;
				SDKROOT = auto;
				STRING_CATALOG_GENERATE_SYMBOLS = YES;
				SUPPORTED_PLATFORMS = "iphoneos iphonesimulator";
				SUPPORTS_MACCATALYST = NO;
				SWIFT_APPROACHABLE_CONCURRENCY = YES;
				SWIFT_DEFAULT_ACTOR_ISOLATION = MainActor;
				SWIFT_EMIT_LOC_STRINGS = YES;
				SWIFT_UPCOMING_FEATURE_MEMBER_IMPORT_VISIBILITY = YES;
				SWIFT_VERSION = 5.0;
				TARGETED_DEVICE_FAMILY = "1,2";
				XROS_DEPLOYMENT_TARGET = 26.2;
			};
			name = Release;
		};
		8A4BF1B22F512AFA0084FE72 /* Debug */ = {
			isa = XCBuildConfiguration;
			buildSettings = {
				ALWAYS_SEARCH_USER_PATHS = NO;
				ASSETCATALOG_COMPILER_GENERATE_SWIFT_ASSET_SYMBOL_EXTENSIONS = YES;
				CLANG_ANALYZER_NONNULL = YES;
				CLANG_ANALYZER_NUMBER_OBJECT_CONVERSION = YES_AGGRESSIVE;
				CLANG_CXX_LANGUAGE_STANDARD = "gnu++20";
				CLANG_ENABLE_MODULES = YES;
				CLANG_ENABLE_OBJC_ARC = YES;
				CLANG_ENABLE_OBJC_WEAK = YES;
				CLANG_WARN_BLOCK_CAPTURE_AUTORELEASING = YES;
				CLANG_WARN_BOOL_CONVERSION = YES;
				CLANG_WARN_COMMA = YES;
				CLANG_WARN_CONSTANT_CONVERSION = YES;
				CLANG_WARN_DEPRECATED_OBJC_IMPLEMENTATIONS = YES;
				CLANG_WARN_DIRECT_OBJC_ISA_USAGE = YES_ERROR;
				CLANG_WARN_DOCUMENTATION_COMMENTS = YES;
				CLANG_WARN_EMPTY_BODY = YES;
				CLANG_WARN_ENUM_CONVERSION = YES;
				CLANG_WARN_INFINITE_RECURSION = YES;
				CLANG_WARN_INT_CONVERSION = YES;
				CLANG_WARN_NON_LITERAL_NULL_CONVERSION = YES;
				CLANG_WARN_OBJC_IMPLICIT_RETAIN_SELF = YES;
				CLANG_WARN_OBJC_LITERAL_CONVERSION = YES;
				CLANG_WARN_OBJC_ROOT_CLASS = YES_ERROR;
				CLANG_WARN_QUOTED_INCLUDE_IN_FRAMEWORK_HEADER = YES;
				CLANG_WARN_RANGE_LOOP_ANALYSIS = YES;
				CLANG_WARN_STRICT_PROTOTYPES = YES;
				CLANG_WARN_SUSPICIOUS_MOVE = YES;
				CLANG_WARN_UNGUARDED_AVAILABILITY = YES_AGGRESSIVE;
				CLANG_WARN_UNREACHABLE_CODE = YES;
				CLANG_WARN__DUPLICATE_METHOD_MATCH = YES;
				COPY_PHASE_STRIP = NO;
				DEAD_CODE_STRIPPING = YES;
				DEBUG_INFORMATION_FORMAT = dwarf;
				DEVELOPMENT_TEAM = YVYV2ACPL4;
				ENABLE_STRICT_OBJC_MSGSEND = YES;
				ENABLE_TESTABILITY = YES;
				ENABLE_USER_SCRIPT_SANDBOXING = YES;
				GCC_C_LANGUAGE_STANDARD = gnu17;
				GCC_DYNAMIC_NO_PIC = NO;
				GCC_NO_COMMON_BLOCKS = YES;
				GCC_OPTIMIZATION_LEVEL = 0;
				GCC_PREPROCESSOR_DEFINITIONS = (
					"DEBUG=1",
					"$(inherited)",
				);
				GCC_WARN_64_TO_32_BIT_CONVERSION = YES;
				GCC_WARN_ABOUT_RETURN_TYPE = YES_ERROR;
				GCC_WARN_UNDECLARED_SELECTOR = YES;
				GCC_WARN_UNINITIALIZED_AUTOS = YES_AGGRESSIVE;
				GCC_WARN_UNUSED_FUNCTION = YES;
				GCC_WARN_UNUSED_VARIABLE = YES;
				LOCALIZATION_PREFERS_STRING_CATALOGS = YES;
				MTL_ENABLE_DEBUG_INFO = INCLUDE_SOURCE;
				MTL_FAST_MATH = YES;
				ONLY_ACTIVE_ARCH = YES;
				STRING_CATALOG_GENERATE_SYMBOLS = YES;
				SWIFT_ACTIVE_COMPILATION_CONDITIONS = "DEBUG $(inherited)";
				SWIFT_OPTIMIZATION_LEVEL = "-Onone";
			};
			name = Debug;
		};
		8A4BF1B32F512AFA0084FE72 /* Release */ = {
			isa = XCBuildConfiguration;
			buildSettings = {
				ALWAYS_SEARCH_USER_PATHS = NO;
				ASSETCATALOG_COMPILER_GENERATE_SWIFT_ASSET_SYMBOL_EXTENSIONS = YES;
				CLANG_ANALYZER_NONNULL = YES;
				CLANG_ANALYZER_NUMBER_OBJECT_CONVERSION = YES_AGGRESSIVE;
				CLANG_CXX_LANGUAGE_STANDARD = "gnu++20";
				CLANG_ENABLE_MODULES = YES;
				CLANG_ENABLE_OBJC_ARC = YES;
				CLANG_ENABLE_OBJC_WEAK = YES;
				CLANG_WARN_BLOCK_CAPTURE_AUTORELEASING = YES;
				CLANG_WARN_BOOL_CONVERSION = YES;
				CLANG_WARN_COMMA = YES;
				CLANG_WARN_CONSTANT_CONVERSION = YES;
				CLANG_WARN_DEPRECATED_OBJC_IMPLEMENTATIONS = YES;
				CLANG_WARN_DIRECT_OBJC_ISA_USAGE = YES_ERROR;
				CLANG_WARN_DOCUMENTATION_COMMENTS = YES;
				CLANG_WARN_EMPTY_BODY = YES;
				CLANG_WARN_ENUM_CONVERSION = YES;
				CLANG_WARN_INFINITE_RECURSION = YES;
				CLANG_WARN_INT_CONVERSION = YES;
				CLANG_WARN_NON_LITERAL_NULL_CONVERSION = YES;
				CLANG_WARN_OBJC_IMPLICIT_RETAIN_SELF = YES;
				CLANG_WARN_OBJC_LITERAL_CONVERSION = YES;
				CLANG_WARN_OBJC_ROOT_CLASS = YES_ERROR;
				CLANG_WARN_QUOTED_INCLUDE_IN_FRAMEWORK_HEADER = YES;
				CLANG_WARN_RANGE_LOOP_ANALYSIS = YES;
				CLANG_WARN_STRICT_PROTOTYPES = YES;
				CLANG_WARN_SUSPICIOUS_MOVE = YES;
				CLANG_WARN_UNGUARDED_AVAILABILITY = YES_AGGRESSIVE;
				CLANG_WARN_UNREACHABLE_CODE = YES;
				CLANG_WARN__DUPLICATE_METHOD_MATCH = YES;
				COPY_PHASE_STRIP = NO;
				DEAD_CODE_STRIPPING = YES;
				DEBUG_INFORMATION_FORMAT = "dwarf-with-dsym";
				DEVELOPMENT_TEAM = YVYV2ACPL4;
				ENABLE_NS_ASSERTIONS = NO;
				ENABLE_STRICT_OBJC_MSGSEND = YES;
				ENABLE_USER_SCRIPT_SANDBOXING = YES;
				GCC_C_LANGUAGE_STANDARD = gnu17;
				GCC_NO_COMMON_BLOCKS = YES;
				GCC_WARN_64_TO_32_BIT_CONVERSION = YES;
				GCC_WARN_ABOUT_RETURN_TYPE = YES_ERROR;
				GCC_WARN_UNDECLARED_SELECTOR = YES;
				GCC_WARN_UNINITIALIZED_AUTOS = YES_AGGRESSIVE;
				GCC_WARN_UNUSED_FUNCTION = YES;
				GCC_WARN_UNUSED_VARIABLE = YES;
				LOCALIZATION_PREFERS_STRING_CATALOGS = YES;
				MTL_ENABLE_DEBUG_INFO = NO;
				MTL_FAST_MATH = YES;
				STRING_CATALOG_GENERATE_SYMBOLS = YES;
				SWIFT_COMPILATION_MODE = wholemodule;
			};
			name = Release;
		};
/* End XCBuildConfiguration section */

/* Begin XCConfigurationList section */
		8A4BF1992F512AFA0084FE72 /* Build configuration list for PBXProject "ArmadilloAssistant" */ = {
			isa = XCConfigurationList;
			buildConfigurations = (
				8A4BF1B22F512AFA0084FE72 /* Debug */,
				8A4BF1B32F512AFA0084FE72 /* Release */,
			);
			defaultConfigurationIsVisible = 0;
			defaultConfigurationName = Release;
		};
		8A4BF1AF2F512AFA0084FE72 /* Build configuration list for PBXNativeTarget "ArmadilloAssistant" */ = {
			isa = XCConfigurationList;
			buildConfigurations = (
				8A4BF1B02F512AFA0084FE72 /* Debug */,
				8A4BF1B12F512AFA0084FE72 /* Release */,
			);
			defaultConfigurationIsVisible = 0;
			defaultConfigurationName = Release;
		};
/* End XCConfigurationList section */
	};
	rootObject = 8A4BF1962F512AFA0084FE72 /* Project object */;
}
